
Microsoft Visual Studio Solution File, Format Version 12.00
# Visual Studio Version 16
VisualStudioVersion = 16.0.32126.315
MinimumVisualStudioVersion = 10.0.40219.1
Project("{FAE04EC0-301F-11D3-BF4B-00C04F79EFBC}") = "Table", "Table\Table.csproj", "{D3B37A06-E50A-493A-B5DC-5AD77E085DE5}"
EndProject
Global
	GlobalSection(SolutionConfigurationPlatforms) = preSolution
		Debug|Any CPU = Debug|Any CPU
		Release|Any CPU = Release|Any CPU
	EndGlobalSection
	GlobalSection(ProjectConfigurationPlatforms) = postSolution
		{D3B37A06-E50A-493A-B5DC-5AD77E085DE5}.Debug|Any CPU.ActiveCfg = Debug|Any CPU
		{D3B37A06-E50A-493A-B5DC-5AD77E085DE5}.Debug|Any CPU.Build.0 = Debug|Any CPU
		{D3B37A06-E50A-493A-B5DC-5AD77E085DE5}.Release|Any CPU.ActiveCfg = Release|Any CPU
		{D3B37A06-E50A-493A-B5DC-5AD77E085DE5}.Release|Any CPU.Build.0 = Release|Any CPU
	EndGlobalSection
	GlobalSection(SolutionProperties) = preSolution
		HideSolutionNode = FALSE
	EndGlobalSection
	GlobalSection(ExtensibilityGlobals) = postSolution
		SolutionGuid = {F50C9816-B2A9-4476-BD8A-61A735A260C0}
	EndGlobalSection
EndGlobal
